<?xml version="1.0" encoding="utf-8"?>
<Project ToolsVersion="4.0" xmlns="http://schemas.microsoft.com/developer/msbuild/2003">
  <ItemGroup>
    <Filter Include="Source Files">
      <UniqueIdentifier>{4FC737F1-C7A5-4376-A066-2A32D752A2FF}</UniqueIdentifier>
      <Extensions>cpp;c;cc;cxx;def;odl;idl;hpj;bat;asm;asmx</Extensions>
    </Filter>
    <Filter Include="Header Files">
      <UniqueIdentifier>{93995380-89BD-4b04-88EB-625FBE52EBFB}</UniqueIdentifier>
      <Extensions>h;hh;hpp;hxx;hm;inl;inc;xsd</Extensions>
    </Filter>
    <Filter Include="Resource Files">
      <UniqueIdentifier>{67DA6AB6-F800-4c08-8B7A-83BB121AAD01}</UniqueIdentifier>
      <Extensions>rc;ico;cur;bmp;dlg;rc2;rct;bin;rgs;gif;jpg;jpeg;jpe;resx;tiff;tif;png;wav;mfcribbon-ms</Extensions>
    </Filter>
  </ItemGroup>
  <ItemGroup>
    <ClInclude Include="include\tmxlite\Config.hpp">
      <Filter>Header Files</Filter>
    </ClInclude>
    <ClInclude Include="include\tmxlite\FreeFuncs.hpp">
      <Filter>Header Files</Filter>
    </ClInclude>
    <ClInclude Include="include\tmxlite\ImageLayer.hpp">
      <Filter>Header Files</Filter>
    </ClInclude>
    <ClInclude Include="include\tmxlite\Layer.hpp">
      <Filter>Header Files</Filter>
    </ClInclude>
    <ClInclude Include="include\tmxlite\Map.hpp">
      <Filter>Header Files</Filter>
    </ClInclude>
    <ClInclude Include="include\tmxlite\Object.hpp">
      <Filter>Header Files</Filter>
    </ClInclude>
    <ClInclude Include="include\tmxlite\ObjectGroup.hpp">
      <Filter>Header Files</Filter>
    </ClInclude>
    <ClInclude Include="include\tmxlite\Property.hpp">
      <Filter>Header Files</Filter>
    </ClInclude>
    <ClInclude Include="include\tmxlite\TileLayer.hpp">
      <Filter>Header Files</Filter>
    </ClInclude>
    <ClInclude Include="include\tmxlite\Tileset.hpp">
      <Filter>Header Files</Filter>
    </ClInclude>
    <ClInclude Include="include\tmxlite\Types.hpp">
      <Filter>Header Files</Filter>
    </ClInclude>
  </ItemGroup>
  <ItemGroup>
    <ClCompile Include="src\FreeFuncs.cpp">
      <Filter>Source Files</Filter>
    </ClCompile>
    <ClCompile Include="src\ImageLayer.cpp">
      <Filter>Source Files</Filter>
    </ClCompile>
    <ClCompile Include="src\Map.cpp">
      <Filter>Source Files</Filter>
    </ClCompile>
    <ClCompile Include="src\miniz.c">
      <Filter>Source Files</Filter>
    </ClCompile>
    <ClCompile Include="src\Object.cpp">
      <Filter>Source Files</Filter>
    </ClCompile>
    <ClCompile Include="src\ObjectGroup.cpp">
      <Filter>Source Files</Filter>
    </ClCompile>
    <ClCompile Include="src\Property.cpp">
      <Filter>Source Files</Filter>
    </ClCompile>
    <ClCompile Include="src\TileLayer.cpp">
      <Filter>Source Files</Filter>
    </ClCompile>
    <ClCompile Include="src\Tileset.cpp">
      <Filter>Source Files</Filter>
    </ClCompile>
    <ClCompile Include="src\detail\pugixml.cpp">
      <Filter>Source Files</Filter>
    </ClCompile>
  </ItemGroup>
  <ItemGroup>
    <None Include="include\tmxlite\Types.inl">
      <Filter>Header Files</Filter>
    </None>
  </ItemGroup>
</Project>